
Microsoft Visual Studio Solution File, Format Version 12.00
# Visual Studio Version 17
VisualStudioVersion = 17.5.33516.290
MinimumVisualStudioVersion = 10.0.40219.1
Project("{FAE04EC0-301F-11D3-BF4B-00C04F79EFBC}") = "Sohbet Uygulaması", "Sohbet Uygulaması\Sohbet Uygulaması.csproj", "{19961B09-FD50-4AC6-92F8-B5EE7D7244F9}"
EndProject
Global
	GlobalSection(SolutionConfigurationPlatforms) = preSolution
		Debug|Any CPU = Debug|Any CPU
		Release|Any CPU = Release|Any CPU
	EndGlobalSection
	GlobalSection(ProjectConfigurationPlatforms) = postSolution
		{19961B09-FD50-4AC6-92F8-B5EE7D7244F9}.Debug|Any CPU.ActiveCfg = Debug|Any CPU
		{19961B09-FD50-4AC6-92F8-B5EE7D7244F9}.Debug|Any CPU.Build.0 = Debug|Any CPU
		{19961B09-FD50-4AC6-92F8-B5EE7D7244F9}.Release|Any CPU.ActiveCfg = Release|Any CPU
		{19961B09-FD50-4AC6-92F8-B5EE7D7244F9}.Release|Any CPU.Build.0 = Release|Any CPU
	EndGlobalSection
	GlobalSection(SolutionProperties) = preSolution
		HideSolutionNode = FALSE
	EndGlobalSection
	GlobalSection(ExtensibilityGlobals) = postSolution
		SolutionGuid = {56DE6E44-C6E9-4EC9-82F6-9F33F77E47D4}
	EndGlobalSection
EndGlobal
